
Microsoft Visual Studio Solution File, Format Version 12.00
# Visual Studio Version 16
VisualStudioVersion = 16.0.31105.61
MinimumVisualStudioVersion = 10.0.40219.1
Project("{8BC9CEB8-8B4A-11D0-8D11-00A0C91BC942}") = "CPractice", "CPractice\CPractice.vcxproj", "{4FA0A1AC-1C9D-410C-ADA2-F3F1BA35C475}"
EndProject
Global
	GlobalSection(SolutionConfigurationPlatforms) = preSolution
		Debug|x64 = Debug|x64
		Debug|x86 = Debug|x86
		Release|x64 = Release|x64
		Release|x86 = Release|x86
	EndGlobalSection
	GlobalSection(ProjectConfigurationPlatforms) = postSolution
		{4FA0A1AC-1C9D-410C-ADA2-F3F1BA35C475}.Debug|x64.ActiveCfg = Debug|x64
		{4FA0A1AC-1C9D-410C-ADA2-F3F1BA35C475}.Debug|x64.Build.0 = Debug|x64
		{4FA0A1AC-1C9D-410C-ADA2-F3F1BA35C475}.Debug|x86.ActiveCfg = Debug|Win32
		{4FA0A1AC-1C9D-410C-ADA2-F3F1BA35C475}.Debug|x86.Build.0 = Debug|Win32
		{4FA0A1AC-1C9D-410C-ADA2-F3F1BA35C475}.Release|x64.ActiveCfg = Release|x64
		{4FA0A1AC-1C9D-410C-ADA2-F3F1BA35C475}.Release|x64.Build.0 = Release|x64
		{4FA0A1AC-1C9D-410C-ADA2-F3F1BA35C475}.Release|x86.ActiveCfg = Release|Win32
		{4FA0A1AC-1C9D-410C-ADA2-F3F1BA35C475}.Release|x86.Build.0 = Release|Win32
	EndGlobalSection
	GlobalSection(SolutionProperties) = preSolution
		HideSolutionNode = FALSE
	EndGlobalSection
	GlobalSection(ExtensibilityGlobals) = postSolution
		SolutionGuid = {1A64C41D-A0F1-4921-9295-E7FF88CD1CF1}
	EndGlobalSection
EndGlobal
